schema: '2.0'
stages:
  data_ingestion:
    cmd: python src/mlProject/pipeline/stage_01_data_ingestion.py
    deps:
    - path: config/config.yaml
      hash: md5
      md5: 7429b221391920ab626d95f43e4e9113
      size: 1026
    - path: src/mlProject/pipeline/stage_01_data_ingestion.py
      hash: md5
      md5: a872c020dc6acae75bb9068659301d09
      size: 896
    outs:
    - path: artifacts/data_ingestion/winequality-red.csv
      hash: md5
      md5: 6a883fd98624e18c0b7ce251f4fab4fb
      size: 100951
  data_validation:
    cmd: python src/mlProject/pipeline/stage_02_data_validation.py
    deps:
    - path: artifacts/data_ingestion/winequality-red.csv
      hash: md5
      md5: 6a883fd98624e18c0b7ce251f4fab4fb
      size: 100951
    - path: config/config.yaml
      hash: md5
      md5: 7429b221391920ab626d95f43e4e9113
      size: 1026
    - path: src/mlProject/pipeline/stage_02_data_validation.py
      hash: md5
      md5: ad2d5c506f8d0b5e61cfd8c8c6e896c0
      size: 869
    outs:
    - path: artifacts/data_validation
      hash: md5
      md5: 0ccb3ea5849272ff03be5ab71786b9ff.dir
      size: 23
      nfiles: 1
